
Microsoft Visual Studio Solution File, Format Version 12.00
# Visual Studio Version 17
VisualStudioVersion = 17.5.33516.290
MinimumVisualStudioVersion = 10.0.40219.1
Project("{9A19103F-16F7-4668-BE54-9A1E7A4F7556}") = "ApiBolsaEmpleo", "ApiBolsaEmpleo.csproj", "{83550613-1BD2-41A5-8D87-DF71BD9CC11E}"
EndProject
Project("{9A19103F-16F7-4668-BE54-9A1E7A4F7556}") = "DataAccess", "..\DataAccess\DataAccess.csproj", "{C4EBD479-DA33-48BB-ABAF-8444A8D50A66}"
EndProject
Project("{FAE04EC0-301F-11D3-BF4B-00C04F79EFBC}") = "Services", "..\Services\Services.csproj", "{4C4CF318-B9A5-4A85-B78D-B723A1028731}"
EndProject
Global
	GlobalSection(SolutionConfigurationPlatforms) = preSolution
		Debug|Any CPU = Debug|Any CPU
		Release|Any CPU = Release|Any CPU
	EndGlobalSection
	GlobalSection(ProjectConfigurationPlatforms) = postSolution
		{83550613-1BD2-41A5-8D87-DF71BD9CC11E}.Debug|Any CPU.ActiveCfg = Debug|Any CPU
		{83550613-1BD2-41A5-8D87-DF71BD9CC11E}.Debug|Any CPU.Build.0 = Debug|Any CPU
		{83550613-1BD2-41A5-8D87-DF71BD9CC11E}.Release|Any CPU.ActiveCfg = Release|Any CPU
		{83550613-1BD2-41A5-8D87-DF71BD9CC11E}.Release|Any CPU.Build.0 = Release|Any CPU
		{C4EBD479-DA33-48BB-ABAF-8444A8D50A66}.Debug|Any CPU.ActiveCfg = Debug|Any CPU
		{C4EBD479-DA33-48BB-ABAF-8444A8D50A66}.Debug|Any CPU.Build.0 = Debug|Any CPU
		{C4EBD479-DA33-48BB-ABAF-8444A8D50A66}.Release|Any CPU.ActiveCfg = Release|Any CPU
		{C4EBD479-DA33-48BB-ABAF-8444A8D50A66}.Release|Any CPU.Build.0 = Release|Any CPU
		{4C4CF318-B9A5-4A85-B78D-B723A1028731}.Debug|Any CPU.ActiveCfg = Debug|Any CPU
		{4C4CF318-B9A5-4A85-B78D-B723A1028731}.Debug|Any CPU.Build.0 = Debug|Any CPU
		{4C4CF318-B9A5-4A85-B78D-B723A1028731}.Release|Any CPU.ActiveCfg = Release|Any CPU
		{4C4CF318-B9A5-4A85-B78D-B723A1028731}.Release|Any CPU.Build.0 = Release|Any CPU
	EndGlobalSection
	GlobalSection(SolutionProperties) = preSolution
		HideSolutionNode = FALSE
	EndGlobalSection
	GlobalSection(ExtensibilityGlobals) = postSolution
		SolutionGuid = {83FAF544-E50B-4C5E-9924-8D34A76AC976}
	EndGlobalSection
EndGlobal
